// !$*UTF8*$!
{
	archiveVersion = 1;
	classes = {
	};
	objectVersion = 46;
	objects = {

/* Begin PBXBuildFile section */
		BA7819451C88DEFF00A6B274 /* AppDelegate.swift in Sources */ = {isa = PBXBuildFile; fileRef = BA7819441C88DEFF00A6B274 /* AppDelegate.swift */; };
		BA7819471C88DEFF00A6B274 /* ViewController.swift in Sources */ = {isa = PBXBuildFile; fileRef = BA7819461C88DEFF00A6B274 /* ViewController.swift */; };
		BA78194C1C88DEFF00A6B274 /* Assets.xcassets in Resources */ = {isa = PBXBuildFile; fileRef = BA78194B1C88DEFF00A6B274 /* Assets.xcassets */; };
		BA78194F1C88DEFF00A6B274 /* LaunchScreen.storyboard in Resources */ = {isa = PBXBuildFile; fileRef = BA78194D1C88DEFF00A6B274 /* LaunchScreen.storyboard */; };
		BA7819571C88E0A000A6B274 /* pokemon.csv in Resources */ = {isa = PBXBuildFile; fileRef = BA7819561C88E0A000A6B274 /* pokemon.csv */; };
		BA78195A1C88E1A500A6B274 /* Pokemon.swift in Sources */ = {isa = PBXBuildFile; fileRef = BA7819591C88E1A500A6B274 /* Pokemon.swift */; };
		BA78195D1C88EC7400A6B274 /* PokeCell.swift in Sources */ = {isa = PBXBuildFile; fileRef = BA78195C1C88EC7400A6B274 /* PokeCell.swift */; };
		BA78195F1C88F5B900A6B274 /* csv.swift in Sources */ = {isa = PBXBuildFile; fileRef = BA78195E1C88F5B900A6B274 /* csv.swift */; };
		BA7819641C8A0D1100A6B274 /* PokemonSolid.ttf in Resources */ = {isa = PBXBuildFile; fileRef = BA7819631C8A0D1100A6B274 /* PokemonSolid.ttf */; };
		BA7819661C8A134600A6B274 /* music.mp3 in Resources */ = {isa = PBXBuildFile; fileRef = BA7819651C8A134600A6B274 /* music.mp3 */; };
		BA7819681C8A1D1800A6B274 /* PokemonDetailVC.swift in Sources */ = {isa = PBXBuildFile; fileRef = BA7819671C8A1D1800A6B274 /* PokemonDetailVC.swift */; };
		BA78196D1C8A271D00A6B274 /* Main.storyboard in Resources */ = {isa = PBXBuildFile; fileRef = BA78196B1C8A271D00A6B274 /* Main.storyboard */; };
/* End PBXBuildFile section */

/* Begin PBXFileReference section */
		BA7819411C88DEFF00A6B274 /* pokedex.app */ = {isa = PBXFileReference; explicitFileType = wrapper.application; includeInIndex = 0; path = pokedex.app; sourceTree = BUILT_PRODUCTS_DIR; };
		BA7819441C88DEFF00A6B274 /* AppDelegate.swift */ = {isa = PBXFileReference; lastKnownFileType = sourcecode.swift; path = AppDelegate.swift; sourceTree = "<group>"; };
		BA7819461C88DEFF00A6B274 /* ViewController.swift */ = {isa = PBXFileReference; lastKnownFileType = sourcecode.swift; path = ViewController.swift; sourceTree = "<group>"; };
		BA78194B1C88DEFF00A6B274 /* Assets.xcassets */ = {isa = PBXFileReference; lastKnownFileType = folder.assetcatalog; path = Assets.xcassets; sourceTree = "<group>"; };
		BA78194E1C88DEFF00A6B274 /* Base */ = {isa = PBXFileReference; lastKnownFileType = file.storyboard; name = Base; path = Base.lproj/LaunchScreen.storyboard; sourceTree = "<group>"; };
		BA7819501C88DEFF00A6B274 /* Info.plist */ = {isa = PBXFileReference; lastKnownFileType = text.plist.xml; path = Info.plist; sourceTree = "<group>"; };
		BA7819561C88E0A000A6B274 /* pokemon.csv */ = {isa = PBXFileReference; fileEncoding = 4; lastKnownFileType = text; path = pokemon.csv; sourceTree = "<group>"; };
		BA7819591C88E1A500A6B274 /* Pokemon.swift */ = {isa = PBXFileReference; fileEncoding = 4; lastKnownFileType = sourcecode.swift; path = Pokemon.swift; sourceTree = "<group>"; };
		BA78195C1C88EC7400A6B274 /* PokeCell.swift */ = {isa = PBXFileReference; fileEncoding = 4; lastKnownFileType = sourcecode.swift; path = PokeCell.swift; sourceTree = "<group>"; };
		BA78195E1C88F5B900A6B274 /* csv.swift */ = {isa = PBXFileReference; fileEncoding = 4; lastKnownFileType = sourcecode.swift; path = csv.swift; sourceTree = "<group>"; };
		BA7819631C8A0D1100A6B274 /* PokemonSolid.ttf */ = {isa = PBXFileReference; lastKnownFileType = file; path = PokemonSolid.ttf; sourceTree = "<group>"; };
		BA7819651C8A134600A6B274 /* music.mp3 */ = {isa = PBXFileReference; lastKnownFileType = audio.mp3; path = music.mp3; sourceTree = "<group>"; };
		BA7819671C8A1D1800A6B274 /* PokemonDetailVC.swift */ = {isa = PBXFileReference; fileEncoding = 4; lastKnownFileType = sourcecode.swift; path = PokemonDetailVC.swift; sourceTree = "<group>"; };
		BA78196C1C8A271D00A6B274 /* Base */ = {isa = PBXFileReference; lastKnownFileType = file.storyboard; name = Base; path = Base.lproj/Main.storyboard; sourceTree = "<group>"; };
/* End PBXFileReference section */

/* Begin PBXFrameworksBuildPhase section */
		BA78193E1C88DEFF00A6B274 /* Frameworks */ = {
			isa = PBXFrameworksBuildPhase;
			buildActionMask = 2147483647;
			files = (
			);
			runOnlyForDeploymentPostprocessing = 0;
		};
/* End PBXFrameworksBuildPhase section */

/* Begin PBXGroup section */
		BA7819381C88DEFF00A6B274 = {
			isa = PBXGroup;
			children = (
				BA7819431C88DEFF00A6B274 /* pokedex */,
				BA7819421C88DEFF00A6B274 /* Products */,
			);
			sourceTree = "<group>";
		};
		BA7819421C88DEFF00A6B274 /* Products */ = {
			isa = PBXGroup;
			children = (
				BA7819411C88DEFF00A6B274 /* pokedex.app */,
			);
			name = Products;
			sourceTree = "<group>";
		};
		BA7819431C88DEFF00A6B274 /* pokedex */ = {
			isa = PBXGroup;
			children = (
				BA7819581C88E19100A6B274 /* Model */,
				BA78195B1C88EC3C00A6B274 /* View */,
				BA7819611C88F5C900A6B274 /* Controller */,
				BA7819601C88F5BC00A6B274 /* Utils */,
				BA7819621C88F5D900A6B274 /* Resources */,
				BA7819441C88DEFF00A6B274 /* AppDelegate.swift */,
				BA78194B1C88DEFF00A6B274 /* Assets.xcassets */,
				BA78194D1C88DEFF00A6B274 /* LaunchScreen.storyboard */,
				BA7819501C88DEFF00A6B274 /* Info.plist */,
			);
			path = pokedex;
			sourceTree = "<group>";
		};
		BA7819581C88E19100A6B274 /* Model */ = {
			isa = PBXGroup;
			children = (
				BA7819591C88E1A500A6B274 /* Pokemon.swift */,
			);
			name = Model;
			sourceTree = "<group>";
		};
		BA78195B1C88EC3C00A6B274 /* View */ = {
			isa = PBXGroup;
			children = (
				BA78195C1C88EC7400A6B274 /* PokeCell.swift */,
				BA78196B1C8A271D00A6B274 /* Main.storyboard */,
			);
			name = View;
			sourceTree = "<group>";
		};
		BA7819601C88F5BC00A6B274 /* Utils */ = {
			isa = PBXGroup;
			children = (
				BA78195E1C88F5B900A6B274 /* csv.swift */,
			);
			name = Utils;
			sourceTree = "<group>";
		};
		BA7819611C88F5C900A6B274 /* Controller */ = {
			isa = PBXGroup;
			children = (
				BA7819461C88DEFF00A6B274 /* ViewController.swift */,
				BA7819671C8A1D1800A6B274 /* PokemonDetailVC.swift */,
			);
			name = Controller;
			sourceTree = "<group>";
		};
		BA7819621C88F5D900A6B274 /* Resources */ = {
			isa = PBXGroup;
			children = (
				BA7819651C8A134600A6B274 /* music.mp3 */,
				BA7819631C8A0D1100A6B274 /* PokemonSolid.ttf */,
				BA7819561C88E0A000A6B274 /* pokemon.csv */,
			);
			name = Resources;
			sourceTree = "<group>";
		};
/* End PBXGroup section */

/* Begin PBXNativeTarget section */
		BA7819401C88DEFF00A6B274 /* pokedex */ = {
			isa = PBXNativeTarget;
			buildConfigurationList = BA7819531C88DEFF00A6B274 /* Build configuration list for PBXNativeTarget "pokedex" */;
			buildPhases = (
				BA78193D1C88DEFF00A6B274 /* Sources */,
				BA78193E1C88DEFF00A6B274 /* Frameworks */,
				BA78193F1C88DEFF00A6B274 /* Resources */,
			);
			buildRules = (
			);
			dependencies = (
			);
			name = pokedex;
			productName = pokedex;
			productReference = BA7819411C88DEFF00A6B274 /* pokedex.app */;
			productType = "com.apple.product-type.application";
		};
/* End PBXNativeTarget section */

/* Begin PBXProject section */
		BA7819391C88DEFF00A6B274 /* Project object */ = {
			isa = PBXProject;
			attributes = {
				LastSwiftUpdateCheck = 0720;
				LastUpgradeCheck = 0720;
				ORGANIZATIONNAME = "Francisco Claret";
				TargetAttributes = {
					BA7819401C88DEFF00A6B274 = {
						CreatedOnToolsVersion = 7.2.1;
					};
				};
			};
			buildConfigurationList = BA78193C1C88DEFF00A6B274 /* Build configuration list for PBXProject "pokedex" */;
			compatibilityVersion = "Xcode 3.2";
			developmentRegion = English;
			hasScannedForEncodings = 0;
			knownRegions = (
				en,
				Base,
			);
			mainGroup = BA7819381C88DEFF00A6B274;
			productRefGroup = BA7819421C88DEFF00A6B274 /* Products */;
			projectDirPath = "";
			projectRoot = "";
			targets = (
				BA7819401C88DEFF00A6B274 /* pokedex */,
			);
		};
/* End PBXProject section */

/* Begin PBXResourcesBuildPhase section */
		BA78193F1C88DEFF00A6B274 /* Resources */ = {
			isa = PBXResourcesBuildPhase;
			buildActionMask = 2147483647;
			files = (
				BA78194F1C88DEFF00A6B274 /* LaunchScreen.storyboard in Resources */,
				BA78196D1C8A271D00A6B274 /* Main.storyboard in Resources */,
				BA78194C1C88DEFF00A6B274 /* Assets.xcassets in Resources */,
				BA7819661C8A134600A6B274 /* music.mp3 in Resources */,
				BA7819571C88E0A000A6B274 /* pokemon.csv in Resources */,
				BA7819641C8A0D1100A6B274 /* PokemonSolid.ttf in Resources */,
			);
			runOnlyForDeploymentPostprocessing = 0;
		};
/* End PBXResourcesBuildPhase section */

/* Begin PBXSourcesBuildPhase section */
		BA78193D1C88DEFF00A6B274 /* Sources */ = {
			isa = PBXSourcesBuildPhase;
			buildActionMask = 2147483647;
			files = (
				BA78195D1C88EC7400A6B274 /* PokeCell.swift in Sources */,
				BA7819471C88DEFF00A6B274 /* ViewController.swift in Sources */,
				BA7819451C88DEFF00A6B274 /* AppDelegate.swift in Sources */,
				BA7819681C8A1D1800A6B274 /* PokemonDetailVC.swift in Sources */,
				BA78195A1C88E1A500A6B274 /* Pokemon.swift in Sources */,
				BA78195F1C88F5B900A6B274 /* csv.swift in Sources */,
			);
			runOnlyForDeploymentPostprocessing = 0;
		};
/* End PBXSourcesBuildPhase section */

/* Begin PBXVariantGroup section */
		BA78194D1C88DEFF00A6B274 /* LaunchScreen.storyboard */ = {
			isa = PBXVariantGroup;
			children = (
				BA78194E1C88DEFF00A6B274 /* Base */,
			);
			name = LaunchScreen.storyboard;
			sourceTree = "<group>";
		};
		BA78196B1C8A271D00A6B274 /* Main.storyboard */ = {
			isa = PBXVariantGroup;
			children = (
				BA78196C1C8A271D00A6B274 /* Base */,
			);
			name = Main.storyboard;
			sourceTree = "<group>";
		};
/* End PBXVariantGroup section */

/* Begin XCBuildConfiguration section */
		BA7819511C88DEFF00A6B274 /* Debug */ = {
			isa = XCBuildConfiguration;
			buildSettings = {
				ALWAYS_SEARCH_USER_PATHS = NO;
				CLANG_CXX_LANGUAGE_STANDARD = "gnu++0x";
				CLANG_CXX_LIBRARY = "libc++";
				CLANG_ENABLE_MODULES = YES;
				CLANG_ENABLE_OBJC_ARC = YES;
				CLANG_WARN_BOOL_CONVERSION = YES;
				CLANG_WARN_CONSTANT_CONVERSION = YES;
				CLANG_WARN_DIRECT_OBJC_ISA_USAGE = YES_ERROR;
				CLANG_WARN_EMPTY_BODY = YES;
				CLANG_WARN_ENUM_CONVERSION = YES;
				CLANG_WARN_INT_CONVERSION = YES;
				CLANG_WARN_OBJC_ROOT_CLASS = YES_ERROR;
				CLANG_WARN_UNREACHABLE_CODE = YES;
				CLANG_WARN__DUPLICATE_METHOD_MATCH = YES;
				"CODE_SIGN_IDENTITY[sdk=iphoneos*]" = "iPhone Developer";
				COPY_PHASE_STRIP = NO;
				DEBUG_INFORMATION_FORMAT = dwarf;
				ENABLE_STRICT_OBJC_MSGSEND = YES;
				ENABLE_TESTABILITY = YES;
				GCC_C_LANGUAGE_STANDARD = gnu99;
				GCC_DYNAMIC_NO_PIC = NO;
				GCC_NO_COMMON_BLOCKS = YES;
				GCC_OPTIMIZATION_LEVEL = 0;
				GCC_PREPROCESSOR_DEFINITIONS = (
					"DEBUG=1",
					"$(inherited)",
				);
				GCC_WARN_64_TO_32_BIT_CONVERSION = YES;
				GCC_WARN_ABOUT_RETURN_TYPE = YES_ERROR;
				GCC_WARN_UNDECLARED_SELECTOR = YES;
				GCC_WARN_UNINITIALIZED_AUTOS = YES_AGGRESSIVE;
				GCC_WARN_UNUSED_FUNCTION = YES;
				GCC_WARN_UNUSED_VARIABLE = YES;
				IPHONEOS_DEPLOYMENT_TARGET = 9.2;
				MTL_ENABLE_DEBUG_INFO = YES;
				ONLY_ACTIVE_ARCH = YES;
				SDKROOT = iphoneos;
				SWIFT_OPTIMIZATION_LEVEL = "-Onone";
				TARGETED_DEVICE_FAMILY = "1,2";
			};
			name = Debug;
		};
		BA7819521C88DEFF00A6B274 /* Release */ = {
			isa = XCBuildConfiguration;
			buildSettings = {
				ALWAYS_SEARCH_USER_PATHS = NO;
				CLANG_CXX_LANGUAGE_STANDARD = "gnu++0x";
				CLANG_CXX_LIBRARY = "libc++";
				CLANG_ENABLE_MODULES = YES;
				CLANG_ENABLE_OBJC_ARC = YES;
				CLANG_WARN_BOOL_CONVERSION = YES;
				CLANG_WARN_CONSTANT_CONVERSION = YES;
				CLANG_WARN_DIRECT_OBJC_ISA_USAGE = YES_ERROR;
				CLANG_WARN_EMPTY_BODY = YES;
				CLANG_WARN_ENUM_CONVERSION = YES;
				CLANG_WARN_INT_CONVERSION = YES;
				CLANG_WARN_OBJC_ROOT_CLASS = YES_ERROR;
				CLANG_WARN_UNREACHABLE_CODE = YES;
				CLANG_WARN__DUPLICATE_METHOD_MATCH = YES;
				"CODE_SIGN_IDENTITY[sdk=iphoneos*]" = "iPhone Developer";
				COPY_PHASE_STRIP = NO;
				DEBUG_INFORMATION_FORMAT = "dwarf-with-dsym";
				ENABLE_NS_ASSERTIONS = NO;
				ENABLE_STRICT_OBJC_MSGSEND = YES;
				GCC_C_LANGUAGE_STANDARD = gnu99;
				GCC_NO_COMMON_BLOCKS = YES;
				GCC_WARN_64_TO_32_BIT_CONVERSION = YES;
				GCC_WARN_ABOUT_RETURN_TYPE = YES_ERROR;
				GCC_WARN_UNDECLARED_SELECTOR = YES;
				GCC_WARN_UNINITIALIZED_AUTOS = YES_AGGRESSIVE;
				GCC_WARN_UNUSED_FUNCTION = YES;
				GCC_WARN_UNUSED_VARIABLE = YES;
				IPHONEOS_DEPLOYMENT_TARGET = 9.2;
				MTL_ENABLE_DEBUG_INFO = NO;
				SDKROOT = iphoneos;
				TARGETED_DEVICE_FAMILY = "1,2";
				VALIDATE_PRODUCT = YES;
			};
			name = Release;
		};
		BA7819541C88DEFF00A6B274 /* Debug */ = {
			isa = XCBuildConfiguration;
			buildSettings = {
				ASSETCATALOG_COMPILER_APPICON_NAME = AppIcon;
				INFOPLIST_FILE = pokedex/Info.plist;
				LD_RUNPATH_SEARCH_PATHS = "$(inherited) @executable_path/Frameworks";
				PRODUCT_BUNDLE_IDENTIFIER = francisco.claret.pokedex;
				PRODUCT_NAME = "$(TARGET_NAME)";
			};
			name = Debug;
		};
		BA7819551C88DEFF00A6B274 /* Release */ = {
			isa = XCBuildConfiguration;
			buildSettings = {
				ASSETCATALOG_COMPILER_APPICON_NAME = AppIcon;
				INFOPLIST_FILE = pokedex/Info.plist;
				LD_RUNPATH_SEARCH_PATHS = "$(inherited) @executable_path/Frameworks";
				PRODUCT_BUNDLE_IDENTIFIER = francisco.claret.pokedex;
				PRODUCT_NAME = "$(TARGET_NAME)";
			};
			name = Release;
		};
/* End XCBuildConfiguration section */

/* Begin XCConfigurationList section */
		BA78193C1C88DEFF00A6B274 /* Build configuration list for PBXProject "pokedex" */ = {
			isa = XCConfigurationList;
			buildConfigurations = (
				BA7819511C88DEFF00A6B274 /* Debug */,
				BA7819521C88DEFF00A6B274 /* Release */,
			);
			defaultConfigurationIsVisible = 0;
			defaultConfigurationName = Release;
		};
		BA7819531C88DEFF00A6B274 /* Build configuration list for PBXNativeTarget "pokedex" */ = {
			isa = XCConfigurationList;
			buildConfigurations = (
				BA7819541C88DEFF00A6B274 /* Debug */,
				BA7819551C88DEFF00A6B274 /* Release */,
			);
			defaultConfigurationIsVisible = 0;
			defaultConfigurationName = Release;
		};
/* End XCConfigurationList section */
	};
	rootObject = BA7819391C88DEFF00A6B274 /* Project object */;
}
